// !$*UTF8*$!
{
	archiveVersion = 1;
	classes = {
	};
	objectVersion = 50;
	objects = {

/* Begin PBXBuildFile section */
		D375C9DA222F81C20003DBC2 /* AppDelegate.swift in Sources */ = {isa = PBXBuildFile; fileRef = D375C9D9222F81C20003DBC2 /* AppDelegate.swift */; };
		D375C9E2222F81C20003DBC2 /* StockWatcher.xcdatamodeld in Sources */ = {isa = PBXBuildFile; fileRef = D375C9E0222F81C20003DBC2 /* StockWatcher.xcdatamodeld */; };
		D375C9E4222F81C50003DBC2 /* Assets.xcassets in Resources */ = {isa = PBXBuildFile; fileRef = D375C9E3222F81C50003DBC2 /* Assets.xcassets */; };
		D375C9E7222F81C50003DBC2 /* LaunchScreen.storyboard in Resources */ = {isa = PBXBuildFile; fileRef = D375C9E5222F81C50003DBC2 /* LaunchScreen.storyboard */; };
		D375C9EF223040430003DBC2 /* WatchlistTableViewController.swift in Sources */ = {isa = PBXBuildFile; fileRef = D375C9EE223040430003DBC2 /* WatchlistTableViewController.swift */; };
		D375C9F122304BAF0003DBC2 /* APIFetchManager.swift in Sources */ = {isa = PBXBuildFile; fileRef = D375C9F022304BAF0003DBC2 /* APIFetchManager.swift */; };
		D375C9F4223052A70003DBC2 /* Stock+CoreDataClass.swift in Sources */ = {isa = PBXBuildFile; fileRef = D375C9F2223052A70003DBC2 /* Stock+CoreDataClass.swift */; };
		D375C9F5223052A70003DBC2 /* Stock+CoreDataProperties.swift in Sources */ = {isa = PBXBuildFile; fileRef = D375C9F3223052A70003DBC2 /* Stock+CoreDataProperties.swift */; };
		D375C9F72230534C0003DBC2 /* PersistenceManager.swift in Sources */ = {isa = PBXBuildFile; fileRef = D375C9F62230534C0003DBC2 /* PersistenceManager.swift */; };
		D384663122319CC400BDFC19 /* StockTableViewCell.swift in Sources */ = {isa = PBXBuildFile; fileRef = D384663022319CC400BDFC19 /* StockTableViewCell.swift */; };
/* End PBXBuildFile section */

/* Begin PBXFileReference section */
		D375C9D6222F81C20003DBC2 /* StockWatcher.app */ = {isa = PBXFileReference; explicitFileType = wrapper.application; includeInIndex = 0; path = StockWatcher.app; sourceTree = BUILT_PRODUCTS_DIR; };
		D375C9D9222F81C20003DBC2 /* AppDelegate.swift */ = {isa = PBXFileReference; lastKnownFileType = sourcecode.swift; path = AppDelegate.swift; sourceTree = "<group>"; };
		D375C9E1222F81C20003DBC2 /* StockWatcher.xcdatamodel */ = {isa = PBXFileReference; lastKnownFileType = wrapper.xcdatamodel; path = StockWatcher.xcdatamodel; sourceTree = "<group>"; };
		D375C9E3222F81C50003DBC2 /* Assets.xcassets */ = {isa = PBXFileReference; lastKnownFileType = folder.assetcatalog; path = Assets.xcassets; sourceTree = "<group>"; };
		D375C9E6222F81C50003DBC2 /* Base */ = {isa = PBXFileReference; lastKnownFileType = file.storyboard; name = Base; path = Base.lproj/LaunchScreen.storyboard; sourceTree = "<group>"; };
		D375C9E8222F81C50003DBC2 /* Info.plist */ = {isa = PBXFileReference; lastKnownFileType = text.plist.xml; path = Info.plist; sourceTree = "<group>"; };
		D375C9EE223040430003DBC2 /* WatchlistTableViewController.swift */ = {isa = PBXFileReference; lastKnownFileType = sourcecode.swift; path = WatchlistTableViewController.swift; sourceTree = "<group>"; };
		D375C9F022304BAF0003DBC2 /* APIFetchManager.swift */ = {isa = PBXFileReference; lastKnownFileType = sourcecode.swift; path = APIFetchManager.swift; sourceTree = "<group>"; };
		D375C9F2223052A70003DBC2 /* Stock+CoreDataClass.swift */ = {isa = PBXFileReference; lastKnownFileType = sourcecode.swift; path = "Stock+CoreDataClass.swift"; sourceTree = "<group>"; };
		D375C9F3223052A70003DBC2 /* Stock+CoreDataProperties.swift */ = {isa = PBXFileReference; lastKnownFileType = sourcecode.swift; path = "Stock+CoreDataProperties.swift"; sourceTree = "<group>"; };
		D375C9F62230534C0003DBC2 /* PersistenceManager.swift */ = {isa = PBXFileReference; lastKnownFileType = sourcecode.swift; path = PersistenceManager.swift; sourceTree = "<group>"; };
		D384663022319CC400BDFC19 /* StockTableViewCell.swift */ = {isa = PBXFileReference; lastKnownFileType = sourcecode.swift; path = StockTableViewCell.swift; sourceTree = "<group>"; };
/* End PBXFileReference section */

/* Begin PBXFrameworksBuildPhase section */
		D375C9D3222F81C20003DBC2 /* Frameworks */ = {
			isa = PBXFrameworksBuildPhase;
			buildActionMask = 2147483647;
			files = (
			);
			runOnlyForDeploymentPostprocessing = 0;
		};
/* End PBXFrameworksBuildPhase section */

/* Begin PBXGroup section */
		D307E77D2232EF04000DCEE6 /* Managers */ = {
			isa = PBXGroup;
			children = (
				D375C9F022304BAF0003DBC2 /* APIFetchManager.swift */,
				D375C9F62230534C0003DBC2 /* PersistenceManager.swift */,
			);
			name = Managers;
			path = "New Group";
			sourceTree = "<group>";
		};
		D307E77E2232EF6F000DCEE6 /* Core Data */ = {
			isa = PBXGroup;
			children = (
				D375C9F2223052A70003DBC2 /* Stock+CoreDataClass.swift */,
				D375C9F3223052A70003DBC2 /* Stock+CoreDataProperties.swift */,
				D375C9E0222F81C20003DBC2 /* StockWatcher.xcdatamodeld */,
			);
			path = "Core Data";
			sourceTree = "<group>";
		};
		D307E77F2232EFA2000DCEE6 /* TableViewCells */ = {
			isa = PBXGroup;
			children = (
				D384663022319CC400BDFC19 /* StockTableViewCell.swift */,
			);
			path = TableViewCells;
			sourceTree = "<group>";
		};
		D375C9CD222F81C20003DBC2 = {
			isa = PBXGroup;
			children = (
				D375C9D8222F81C20003DBC2 /* StockWatcher */,
				D375C9D7222F81C20003DBC2 /* Products */,
			);
			sourceTree = "<group>";
		};
		D375C9D7222F81C20003DBC2 /* Products */ = {
			isa = PBXGroup;
			children = (
				D375C9D6222F81C20003DBC2 /* StockWatcher.app */,
			);
			name = Products;
			sourceTree = "<group>";
		};
		D375C9D8222F81C20003DBC2 /* StockWatcher */ = {
			isa = PBXGroup;
			children = (
				D375C9D9222F81C20003DBC2 /* AppDelegate.swift */,
				D375C9EE223040430003DBC2 /* WatchlistTableViewController.swift */,
				D307E77F2232EFA2000DCEE6 /* TableViewCells */,
				D307E77D2232EF04000DCEE6 /* Managers */,
				D307E77E2232EF6F000DCEE6 /* Core Data */,
				D375C9E3222F81C50003DBC2 /* Assets.xcassets */,
				D375C9E5222F81C50003DBC2 /* LaunchScreen.storyboard */,
				D375C9E8222F81C50003DBC2 /* Info.plist */,
			);
			path = StockWatcher;
			sourceTree = "<group>";
		};
/* End PBXGroup section */

/* Begin PBXNativeTarget section */
		D375C9D5222F81C20003DBC2 /* StockWatcher */ = {
			isa = PBXNativeTarget;
			buildConfigurationList = D375C9EB222F81C50003DBC2 /* Build configuration list for PBXNativeTarget "StockWatcher" */;
			buildPhases = (
				D375C9D2222F81C20003DBC2 /* Sources */,
				D375C9D3222F81C20003DBC2 /* Frameworks */,
				D375C9D4222F81C20003DBC2 /* Resources */,
			);
			buildRules = (
			);
			dependencies = (
			);
			name = StockWatcher;
			productName = StockWatcher;
			productReference = D375C9D6222F81C20003DBC2 /* StockWatcher.app */;
			productType = "com.apple.product-type.application";
		};
/* End PBXNativeTarget section */

/* Begin PBXProject section */
		D375C9CE222F81C20003DBC2 /* Project object */ = {
			isa = PBXProject;
			attributes = {
				LastSwiftUpdateCheck = 1010;
				LastUpgradeCheck = 1010;
				ORGANIZATIONNAME = "Brent Badhwar";
				TargetAttributes = {
					D375C9D5222F81C20003DBC2 = {
						CreatedOnToolsVersion = 10.1;
					};
				};
			};
			buildConfigurationList = D375C9D1222F81C20003DBC2 /* Build configuration list for PBXProject "StockWatcher" */;
			compatibilityVersion = "Xcode 9.3";
			developmentRegion = en;
			hasScannedForEncodings = 0;
			knownRegions = (
				en,
				Base,
			);
			mainGroup = D375C9CD222F81C20003DBC2;
			productRefGroup = D375C9D7222F81C20003DBC2 /* Products */;
			projectDirPath = "";
			projectRoot = "";
			targets = (
				D375C9D5222F81C20003DBC2 /* StockWatcher */,
			);
		};
/* End PBXProject section */

/* Begin PBXResourcesBuildPhase section */
		D375C9D4222F81C20003DBC2 /* Resources */ = {
			isa = PBXResourcesBuildPhase;
			buildActionMask = 2147483647;
			files = (
				D375C9E7222F81C50003DBC2 /* LaunchScreen.storyboard in Resources */,
				D375C9E4222F81C50003DBC2 /* Assets.xcassets in Resources */,
			);
			runOnlyForDeploymentPostprocessing = 0;
		};
/* End PBXResourcesBuildPhase section */

/* Begin PBXSourcesBuildPhase section */
		D375C9D2222F81C20003DBC2 /* Sources */ = {
			isa = PBXSourcesBuildPhase;
			buildActionMask = 2147483647;
			files = (
				D375C9F4223052A70003DBC2 /* Stock+CoreDataClass.swift in Sources */,
				D375C9F72230534C0003DBC2 /* PersistenceManager.swift in Sources */,
				D384663122319CC400BDFC19 /* StockTableViewCell.swift in Sources */,
				D375C9EF223040430003DBC2 /* WatchlistTableViewController.swift in Sources */,
				D375C9F5223052A70003DBC2 /* Stock+CoreDataProperties.swift in Sources */,
				D375C9F122304BAF0003DBC2 /* APIFetchManager.swift in Sources */,
				D375C9E2222F81C20003DBC2 /* StockWatcher.xcdatamodeld in Sources */,
				D375C9DA222F81C20003DBC2 /* AppDelegate.swift in Sources */,
			);
			runOnlyForDeploymentPostprocessing = 0;
		};
/* End PBXSourcesBuildPhase section */

/* Begin PBXVariantGroup section */
		D375C9E5222F81C50003DBC2 /* LaunchScreen.storyboard */ = {
			isa = PBXVariantGroup;
			children = (
				D375C9E6222F81C50003DBC2 /* Base */,
			);
			name = LaunchScreen.storyboard;
			sourceTree = "<group>";
		};
/* End PBXVariantGroup section */

/* Begin XCBuildConfiguration section */
		D375C9E9222F81C50003DBC2 /* Debug */ = {
			isa = XCBuildConfiguration;
			buildSettings = {
				ALWAYS_SEARCH_USER_PATHS = NO;
				CLANG_ANALYZER_NONNULL = YES;
				CLANG_ANALYZER_NUMBER_OBJECT_CONVERSION = YES_AGGRESSIVE;
				CLANG_CXX_LANGUAGE_STANDARD = "gnu++14";
				CLANG_CXX_LIBRARY = "libc++";
				CLANG_ENABLE_MODULES = YES;
				CLANG_ENABLE_OBJC_ARC = YES;
				CLANG_ENABLE_OBJC_WEAK = YES;
				CLANG_WARN_BLOCK_CAPTURE_AUTORELEASING = YES;
				CLANG_WARN_BOOL_CONVERSION = YES;
				CLANG_WARN_COMMA = YES;
				CLANG_WARN_CONSTANT_CONVERSION = YES;
				CLANG_WARN_DEPRECATED_OBJC_IMPLEMENTATIONS = YES;
				CLANG_WARN_DIRECT_OBJC_ISA_USAGE = YES_ERROR;
				CLANG_WARN_DOCUMENTATION_COMMENTS = YES;
				CLANG_WARN_EMPTY_BODY = YES;
				CLANG_WARN_ENUM_CONVERSION = YES;
				CLANG_WARN_INFINITE_RECURSION = YES;
				CLANG_WARN_INT_CONVERSION = YES;
				CLANG_WARN_NON_LITERAL_NULL_CONVERSION = YES;
				CLANG_WARN_OBJC_IMPLICIT_RETAIN_SELF = YES;
				CLANG_WARN_OBJC_LITERAL_CONVERSION = YES;
				CLANG_WARN_OBJC_ROOT_CLASS = YES_ERROR;
				CLANG_WARN_RANGE_LOOP_ANALYSIS = YES;
				CLANG_WARN_STRICT_PROTOTYPES = YES;
				CLANG_WARN_SUSPICIOUS_MOVE = YES;
				CLANG_WARN_UNGUARDED_AVAILABILITY = YES_AGGRESSIVE;
				CLANG_WARN_UNREACHABLE_CODE = YES;
				CLANG_WARN__DUPLICATE_METHOD_MATCH = YES;
				CODE_SIGN_IDENTITY = "iPhone Developer";
				COPY_PHASE_STRIP = NO;
				DEBUG_INFORMATION_FORMAT = dwarf;
				ENABLE_STRICT_OBJC_MSGSEND = YES;
				ENABLE_TESTABILITY = YES;
				GCC_C_LANGUAGE_STANDARD = gnu11;
				GCC_DYNAMIC_NO_PIC = NO;
				GCC_NO_COMMON_BLOCKS = YES;
				GCC_OPTIMIZATION_LEVEL = 0;
				GCC_PREPROCESSOR_DEFINITIONS = (
					"DEBUG=1",
					"$(inherited)",
				);
				GCC_WARN_64_TO_32_BIT_CONVERSION = YES;
				GCC_WARN_ABOUT_RETURN_TYPE = YES_ERROR;
				GCC_WARN_UNDECLARED_SELECTOR = YES;
				GCC_WARN_UNINITIALIZED_AUTOS = YES_AGGRESSIVE;
				GCC_WARN_UNUSED_FUNCTION = YES;
				GCC_WARN_UNUSED_VARIABLE = YES;
				IPHONEOS_DEPLOYMENT_TARGET = 12.1;
				MTL_ENABLE_DEBUG_INFO = INCLUDE_SOURCE;
				MTL_FAST_MATH = YES;
				ONLY_ACTIVE_ARCH = YES;
				SDKROOT = iphoneos;
				SWIFT_ACTIVE_COMPILATION_CONDITIONS = DEBUG;
				SWIFT_OPTIMIZATION_LEVEL = "-Onone";
			};
			name = Debug;
		};
		D375C9EA222F81C50003DBC2 /* Release */ = {
			isa = XCBuildConfiguration;
			buildSettings = {
				ALWAYS_SEARCH_USER_PATHS = NO;
				CLANG_ANALYZER_NONNULL = YES;
				CLANG_ANALYZER_NUMBER_OBJECT_CONVERSION = YES_AGGRESSIVE;
				CLANG_CXX_LANGUAGE_STANDARD = "gnu++14";
				CLANG_CXX_LIBRARY = "libc++";
				CLANG_ENABLE_MODULES = YES;
				CLANG_ENABLE_OBJC_ARC = YES;
				CLANG_ENABLE_OBJC_WEAK = YES;
				CLANG_WARN_BLOCK_CAPTURE_AUTORELEASING = YES;
				CLANG_WARN_BOOL_CONVERSION = YES;
				CLANG_WARN_COMMA = YES;
				CLANG_WARN_CONSTANT_CONVERSION = YES;
				CLANG_WARN_DEPRECATED_OBJC_IMPLEMENTATIONS = YES;
				CLANG_WARN_DIRECT_OBJC_ISA_USAGE = YES_ERROR;
				CLANG_WARN_DOCUMENTATION_COMMENTS = YES;
				CLANG_WARN_EMPTY_BODY = YES;
				CLANG_WARN_ENUM_CONVERSION = YES;
				CLANG_WARN_INFINITE_RECURSION = YES;
				CLANG_WARN_INT_CONVERSION = YES;
				CLANG_WARN_NON_LITERAL_NULL_CONVERSION = YES;
				CLANG_WARN_OBJC_IMPLICIT_RETAIN_SELF = YES;
				CLANG_WARN_OBJC_LITERAL_CONVERSION = YES;
				CLANG_WARN_OBJC_ROOT_CLASS = YES_ERROR;
				CLANG_WARN_RANGE_LOOP_ANALYSIS = YES;
				CLANG_WARN_STRICT_PROTOTYPES = YES;
				CLANG_WARN_SUSPICIOUS_MOVE = YES;
				CLANG_WARN_UNGUARDED_AVAILABILITY = YES_AGGRESSIVE;
				CLANG_WARN_UNREACHABLE_CODE = YES;
				CLANG_WARN__DUPLICATE_METHOD_MATCH = YES;
				CODE_SIGN_IDENTITY = "iPhone Developer";
				COPY_PHASE_STRIP = NO;
				DEBUG_INFORMATION_FORMAT = "dwarf-with-dsym";
				ENABLE_NS_ASSERTIONS = NO;
				ENABLE_STRICT_OBJC_MSGSEND = YES;
				GCC_C_LANGUAGE_STANDARD = gnu11;
				GCC_NO_COMMON_BLOCKS = YES;
				GCC_WARN_64_TO_32_BIT_CONVERSION = YES;
				GCC_WARN_ABOUT_RETURN_TYPE = YES_ERROR;
				GCC_WARN_UNDECLARED_SELECTOR = YES;
				GCC_WARN_UNINITIALIZED_AUTOS = YES_AGGRESSIVE;
				GCC_WARN_UNUSED_FUNCTION = YES;
				GCC_WARN_UNUSED_VARIABLE = YES;
				IPHONEOS_DEPLOYMENT_TARGET = 12.1;
				MTL_ENABLE_DEBUG_INFO = NO;
				MTL_FAST_MATH = YES;
				SDKROOT = iphoneos;
				SWIFT_COMPILATION_MODE = wholemodule;
				SWIFT_OPTIMIZATION_LEVEL = "-O";
				VALIDATE_PRODUCT = YES;
			};
			name = Release;
		};
		D375C9EC222F81C50003DBC2 /* Debug */ = {
			isa = XCBuildConfiguration;
			buildSettings = {
				ASSETCATALOG_COMPILER_APPICON_NAME = AppIcon;
				CODE_SIGN_STYLE = Automatic;
				DEVELOPMENT_TEAM = 9JUEZ6UHT3;
				INFOPLIST_FILE = StockWatcher/Info.plist;
				LD_RUNPATH_SEARCH_PATHS = (
					"$(inherited)",
					"@executable_path/Frameworks",
				);
				PRODUCT_BUNDLE_IDENTIFIER = brentbadhwar.StockWatcher;
				PRODUCT_NAME = "$(TARGET_NAME)";
				SWIFT_VERSION = 4.2;
				TARGETED_DEVICE_FAMILY = "1,2";
			};
			name = Debug;
		};
		D375C9ED222F81C50003DBC2 /* Release */ = {
			isa = XCBuildConfiguration;
			buildSettings = {
				ASSETCATALOG_COMPILER_APPICON_NAME = AppIcon;
				CODE_SIGN_STYLE = Automatic;
				DEVELOPMENT_TEAM = 9JUEZ6UHT3;
				INFOPLIST_FILE = StockWatcher/Info.plist;
				LD_RUNPATH_SEARCH_PATHS = (
					"$(inherited)",
					"@executable_path/Frameworks",
				);
				PRODUCT_BUNDLE_IDENTIFIER = brentbadhwar.StockWatcher;
				PRODUCT_NAME = "$(TARGET_NAME)";
				SWIFT_VERSION = 4.2;
				TARGETED_DEVICE_FAMILY = "1,2";
			};
			name = Release;
		};
/* End XCBuildConfiguration section */

/* Begin XCConfigurationList section */
		D375C9D1222F81C20003DBC2 /* Build configuration list for PBXProject "StockWatcher" */ = {
			isa = XCConfigurationList;
			buildConfigurations = (
				D375C9E9222F81C50003DBC2 /* Debug */,
				D375C9EA222F81C50003DBC2 /* Release */,
			);
			defaultConfigurationIsVisible = 0;
			defaultConfigurationName = Release;
		};
		D375C9EB222F81C50003DBC2 /* Build configuration list for PBXNativeTarget "StockWatcher" */ = {
			isa = XCConfigurationList;
			buildConfigurations = (
				D375C9EC222F81C50003DBC2 /* Debug */,
				D375C9ED222F81C50003DBC2 /* Release */,
			);
			defaultConfigurationIsVisible = 0;
			defaultConfigurationName = Release;
		};
/* End XCConfigurationList section */

/* Begin XCVersionGroup section */
		D375C9E0222F81C20003DBC2 /* StockWatcher.xcdatamodeld */ = {
			isa = XCVersionGroup;
			children = (
				D375C9E1222F81C20003DBC2 /* StockWatcher.xcdatamodel */,
			);
			currentVersion = D375C9E1222F81C20003DBC2 /* StockWatcher.xcdatamodel */;
			path = StockWatcher.xcdatamodeld;
			sourceTree = "<group>";
			versionGroupType = wrapper.xcdatamodel;
		};
/* End XCVersionGroup section */
	};
	rootObject = D375C9CE222F81C20003DBC2 /* Project object */;
}
